<?xml version="1.0" encoding="utf-8"?>
<Project ToolsVersion="4.0" xmlns="http://schemas.microsoft.com/developer/msbuild/2003">
  <ItemGroup>
    <FxCompile Include="VertexShaderBS.hlsl">
      <Filter>Source Files\Shaders</Filter>
    </FxCompile>
    <FxCompile Include="ComputeShader.hlsl">
      <Filter>Source Files\Shaders</Filter>
    </FxCompile>
    <FxCompile Include="GeometryShader.hlsl">
      <Filter>Source Files\Shaders</Filter>
    </FxCompile>
    <FxCompile Include="GeometryShaderParticle.hlsl">
      <Filter>Source Files\Shaders</Filter>
    </FxCompile>
    <FxCompile Include="PixelShader.hlsl">
      <Filter>Source Files\Shaders</Filter>
    </FxCompile>
    <FxCompile Include="Vertex.hlsl">
      <Filter>Source Files\Shaders</Filter>
    </FxCompile>
    <FxCompile Include="VertexShaderParticle.hlsl">
      <Filter>Source Files\Shaders</Filter>
    </FxCompile>
  </ItemGroup>
  <ItemGroup>
    <ClCompile Include="Engine.cpp">
      <Filter>Source Files</Filter>
    </ClCompile>
    <ClCompile Include="FbxDawg.cpp">
      <Filter>Source Files</Filter>
    </ClCompile>
    <ClCompile Include="GCamera.cpp">
      <Filter>Source Files</Filter>
    </ClCompile>
    <ClCompile Include="GInput.cpp">
      <Filter>Source Files</Filter>
    </ClCompile>
    <ClCompile Include="MousePicking.cpp">
      <Filter>Source Files</Filter>
    </ClCompile>
    <ClCompile Include="main.cpp">
      <Filter>Source Files</Filter>
    </ClCompile>
    <ClCompile Include="ParticleSystem.cpp">
      <Filter>Source Files</Filter>
    </ClCompile>
    <ClCompile Include="WICTextureLoader.cpp">
      <Filter>Source Files\Texture</Filter>
    </ClCompile>
    <ClCompile Include="GQuadTreeBoundingBox.cpp">
      <Filter>Source Files\Quad Tree and BBoxes</Filter>
    </ClCompile>
    <ClCompile Include="GQuadTree.cpp">
      <Filter>Source Files\Quad Tree and BBoxes</Filter>
    </ClCompile>
    <ClCompile Include="GBoundingBox.cpp">
      <Filter>Source Files\Quad Tree and BBoxes</Filter>
    </ClCompile>
    <ClCompile Include="GFrustum.cpp">
      <Filter>Source Files\Quad Tree and BBoxes</Filter>
    </ClCompile>
    <ClCompile Include="GModelList.cpp">
      <Filter>Source Files\Model</Filter>
    </ClCompile>
    <ClCompile Include="GModel.cpp">
      <Filter>Source Files\Model</Filter>
    </ClCompile>
  </ItemGroup>
  <ItemGroup>
    <ClInclude Include="Engine.h">
      <Filter>Header Files</Filter>
    </ClInclude>
    <ClInclude Include="GInput.h">
      <Filter>Header Files</Filter>
    </ClInclude>
    <ClInclude Include="GCamera.h">
      <Filter>Header Files</Filter>
    </ClInclude>
    <ClInclude Include="FbxDawg.h">
      <Filter>Header Files</Filter>
    </ClInclude>
    <ClInclude Include="ParticleSystem.h">
      <Filter>Header Files</Filter>
    </ClInclude>
    <ClInclude Include="MousePicking.h">
      <Filter>Header Files</Filter>
    </ClInclude>
    <ClInclude Include="GModel.h">
      <Filter>Header Files\Model</Filter>
    </ClInclude>
    <ClInclude Include="GModelList.h">
      <Filter>Header Files\Model</Filter>
    </ClInclude>
    <ClInclude Include="GQuadTree.h">
      <Filter>Header Files\Quad Trees and BBoxes</Filter>
    </ClInclude>
    <ClInclude Include="GFrustum.h">
      <Filter>Header Files\Quad Trees and BBoxes</Filter>
    </ClInclude>
    <ClInclude Include="GBoundingBox.h">
      <Filter>Header Files\Quad Trees and BBoxes</Filter>
    </ClInclude>
    <ClInclude Include="GQuadTreeBoundingBox.h">
      <Filter>Header Files\Quad Trees and BBoxes</Filter>
    </ClInclude>
    <ClInclude Include="WICTextureLoader.h">
      <Filter>Header Files\Texture</Filter>
    </ClInclude>
    <ClInclude Include="bth_image.h">
      <Filter>Header Files\Texture</Filter>
    </ClInclude>
  </ItemGroup>
  <ItemGroup>
    <Filter Include="Header Files">
      <UniqueIdentifier>{f895ec02-2a40-4621-ad02-c415cfbdf982}</UniqueIdentifier>
    </Filter>
    <Filter Include="Header Files\Model">
      <UniqueIdentifier>{31770d61-fd32-41ea-826f-a73e7efa23b8}</UniqueIdentifier>
    </Filter>
    <Filter Include="Header Files\Quad Trees and BBoxes">
      <UniqueIdentifier>{fc56c689-ff6d-4e21-88d9-ad77565967a6}</UniqueIdentifier>
    </Filter>
    <Filter Include="Header Files\Texture">
      <UniqueIdentifier>{e78eeb8f-679e-404e-9b45-130b8c198e64}</UniqueIdentifier>
    </Filter>
    <Filter Include="Source Files">
      <UniqueIdentifier>{4bb11f2c-4d05-4c48-8a07-e8abad420421}</UniqueIdentifier>
    </Filter>
    <Filter Include="Source Files\Texture">
      <UniqueIdentifier>{27ac7f46-033f-47de-a1d5-ae39b8b3a087}</UniqueIdentifier>
    </Filter>
    <Filter Include="Source Files\Model">
      <UniqueIdentifier>{72ddb113-112c-42a7-9752-18471623c3e8}</UniqueIdentifier>
    </Filter>
    <Filter Include="Source Files\Quad Tree and BBoxes">
      <UniqueIdentifier>{b79f7bcd-402c-492a-807e-eab6e82a0ce7}</UniqueIdentifier>
    </Filter>
    <Filter Include="Source Files\Shaders">
      <UniqueIdentifier>{e7f310ae-c0e8-486b-b59b-86fceb3e61f2}</UniqueIdentifier>
    </Filter>
  </ItemGroup>
</Project>